
Microsoft Visual Studio Solution File, Format Version 12.00
# Visual Studio 2012
Project("{8BC9CEB8-8B4A-11D0-8D11-00A0C91BC942}") = "jswin", "jswin\jswin.vcxproj", "{E5174CEF-F9C0-48B5-A002-9657A908BC64}"
EndProject
Project("{8BC9CEB8-8B4A-11D0-8D11-00A0C91BC942}") = "testdll", "testdll\testdll.vcxproj", "{F55DB6A5-D2B7-44D5-A2CD-437C16A96C59}"
EndProject
Project("{8BC9CEB8-8B4A-11D0-8D11-00A0C91BC942}") = "jswinrt", "jswinrt\jswinrt.vcxproj", "{B175A184-E7A1-4EF9-90C9-95EFD76A8009}"
EndProject
Project("{8BC9CEB8-8B4A-11D0-8D11-00A0C91BC942}") = "jswin_wrapper", "jswin_wrapper\jswin_wrapper.vcxproj", "{FA5107A1-4742-402A-9B8A-DBF72AC814D9}"
EndProject
Global
	GlobalSection(SolutionConfigurationPlatforms) = preSolution
		Debug|Win32 = Debug|Win32
		Debug|x64 = Debug|x64
		Release|Win32 = Release|Win32
		Release|x64 = Release|x64
		ReleaseW|Win32 = ReleaseW|Win32
		ReleaseW|x64 = ReleaseW|x64
	EndGlobalSection
	GlobalSection(ProjectConfigurationPlatforms) = postSolution
		{E5174CEF-F9C0-48B5-A002-9657A908BC64}.Debug|Win32.ActiveCfg = Debug|Win32
		{E5174CEF-F9C0-48B5-A002-9657A908BC64}.Debug|Win32.Build.0 = Debug|Win32
		{E5174CEF-F9C0-48B5-A002-9657A908BC64}.Debug|x64.ActiveCfg = Debug|x64
		{E5174CEF-F9C0-48B5-A002-9657A908BC64}.Debug|x64.Build.0 = Debug|x64
		{E5174CEF-F9C0-48B5-A002-9657A908BC64}.Release|Win32.ActiveCfg = Release|Win32
		{E5174CEF-F9C0-48B5-A002-9657A908BC64}.Release|Win32.Build.0 = Release|Win32
		{E5174CEF-F9C0-48B5-A002-9657A908BC64}.Release|x64.ActiveCfg = Release|x64
		{E5174CEF-F9C0-48B5-A002-9657A908BC64}.Release|x64.Build.0 = Release|x64
		{E5174CEF-F9C0-48B5-A002-9657A908BC64}.ReleaseW|Win32.ActiveCfg = ReleaseW|Win32
		{E5174CEF-F9C0-48B5-A002-9657A908BC64}.ReleaseW|Win32.Build.0 = ReleaseW|Win32
		{E5174CEF-F9C0-48B5-A002-9657A908BC64}.ReleaseW|x64.ActiveCfg = ReleaseW|x64
		{E5174CEF-F9C0-48B5-A002-9657A908BC64}.ReleaseW|x64.Build.0 = ReleaseW|x64
		{F55DB6A5-D2B7-44D5-A2CD-437C16A96C59}.Debug|Win32.ActiveCfg = Debug|Win32
		{F55DB6A5-D2B7-44D5-A2CD-437C16A96C59}.Debug|Win32.Build.0 = Debug|Win32
		{F55DB6A5-D2B7-44D5-A2CD-437C16A96C59}.Debug|x64.ActiveCfg = Debug|Win32
		{F55DB6A5-D2B7-44D5-A2CD-437C16A96C59}.Release|Win32.ActiveCfg = Release|Win32
		{F55DB6A5-D2B7-44D5-A2CD-437C16A96C59}.Release|Win32.Build.0 = Release|Win32
		{F55DB6A5-D2B7-44D5-A2CD-437C16A96C59}.Release|x64.ActiveCfg = Release|Win32
		{F55DB6A5-D2B7-44D5-A2CD-437C16A96C59}.ReleaseW|Win32.ActiveCfg = Release|Win32
		{F55DB6A5-D2B7-44D5-A2CD-437C16A96C59}.ReleaseW|Win32.Build.0 = Release|Win32
		{F55DB6A5-D2B7-44D5-A2CD-437C16A96C59}.ReleaseW|x64.ActiveCfg = Release|Win32
		{B175A184-E7A1-4EF9-90C9-95EFD76A8009}.Debug|Win32.ActiveCfg = Debug|Win32
		{B175A184-E7A1-4EF9-90C9-95EFD76A8009}.Debug|Win32.Build.0 = Debug|Win32
		{B175A184-E7A1-4EF9-90C9-95EFD76A8009}.Debug|x64.ActiveCfg = Debug|Win32
		{B175A184-E7A1-4EF9-90C9-95EFD76A8009}.Release|Win32.ActiveCfg = Release|Win32
		{B175A184-E7A1-4EF9-90C9-95EFD76A8009}.Release|Win32.Build.0 = Release|Win32
		{B175A184-E7A1-4EF9-90C9-95EFD76A8009}.Release|x64.ActiveCfg = Release|Win32
		{B175A184-E7A1-4EF9-90C9-95EFD76A8009}.ReleaseW|Win32.ActiveCfg = Release|Win32
		{B175A184-E7A1-4EF9-90C9-95EFD76A8009}.ReleaseW|Win32.Build.0 = Release|Win32
		{B175A184-E7A1-4EF9-90C9-95EFD76A8009}.ReleaseW|x64.ActiveCfg = Release|Win32
		{FA5107A1-4742-402A-9B8A-DBF72AC814D9}.Debug|Win32.ActiveCfg = Debug|Win32
		{FA5107A1-4742-402A-9B8A-DBF72AC814D9}.Debug|Win32.Build.0 = Debug|Win32
		{FA5107A1-4742-402A-9B8A-DBF72AC814D9}.Debug|x64.ActiveCfg = Debug|Win32
		{FA5107A1-4742-402A-9B8A-DBF72AC814D9}.Release|Win32.ActiveCfg = Release|Win32
		{FA5107A1-4742-402A-9B8A-DBF72AC814D9}.Release|Win32.Build.0 = Release|Win32
		{FA5107A1-4742-402A-9B8A-DBF72AC814D9}.Release|x64.ActiveCfg = Release|Win32
		{FA5107A1-4742-402A-9B8A-DBF72AC814D9}.ReleaseW|Win32.ActiveCfg = Release|Win32
		{FA5107A1-4742-402A-9B8A-DBF72AC814D9}.ReleaseW|Win32.Build.0 = Release|Win32
		{FA5107A1-4742-402A-9B8A-DBF72AC814D9}.ReleaseW|x64.ActiveCfg = Release|Win32
	EndGlobalSection
	GlobalSection(SolutionProperties) = preSolution
		HideSolutionNode = FALSE
	EndGlobalSection
EndGlobal
